
Microsoft Visual Studio Solution File, Format Version 12.00
# Visual Studio 15
VisualStudioVersion = 15.0.28010.2048
MinimumVisualStudioVersion = 10.0.40219.1
Project("{FAE04EC0-301F-11D3-BF4B-00C04F79EFBC}") = "MkvMasivo", "MkvMasivo\MkvMasivo.csproj", "{BDD6FF7B-D5E7-4F31-907C-1EB48BC3D170}"
EndProject
Global
	GlobalSection(SolutionConfigurationPlatforms) = preSolution
		Debug|Any CPU = Debug|Any CPU
		Release|Any CPU = Release|Any CPU
	EndGlobalSection
	GlobalSection(ProjectConfigurationPlatforms) = postSolution
		{BDD6FF7B-D5E7-4F31-907C-1EB48BC3D170}.Debug|Any CPU.ActiveCfg = Debug|Any CPU
		{BDD6FF7B-D5E7-4F31-907C-1EB48BC3D170}.Debug|Any CPU.Build.0 = Debug|Any CPU
		{BDD6FF7B-D5E7-4F31-907C-1EB48BC3D170}.Release|Any CPU.ActiveCfg = Release|Any CPU
		{BDD6FF7B-D5E7-4F31-907C-1EB48BC3D170}.Release|Any CPU.Build.0 = Release|Any CPU
	EndGlobalSection
	GlobalSection(SolutionProperties) = preSolution
		HideSolutionNode = FALSE
	EndGlobalSection
	GlobalSection(ExtensibilityGlobals) = postSolution
		SolutionGuid = {0D3C2006-5B65-418B-B39C-A44B5AAC6A1F}
	EndGlobalSection
EndGlobal
